Microsoft Visual Studio Solution File, Format Version 12.00
# Visual Studio 15
VisualStudioVersion = 15.0.26430.14
MinimumVisualStudioVersion = 10.0.40219.1
Project("{FAE04EC0-301F-11D3-BF4B-00C04F79EFBC}") = "Grappachu.Interop.RabbitMQ", "Grappachu.Interop.RabbitMQ\Grappachu.Interop.RabbitMQ.csproj", "{CB55D69C-639B-437A-9C2C-AF451A90BBD1}"
EndProject
Project("{FAE04EC0-301F-11D3-BF4B-00C04F79EFBC}") = "Grappachu.Interop.RabbitMQ.Test", "Grappachu.Interop.RabbitMQ.Test\Grappachu.Interop.RabbitMQ.Test.csproj", "{8D992064-639A-474D-A691-2FCA25B9C096}"
EndProject
Project("{2150E333-8FDC-42A3-9474-1A3956D46DE8}") = "Solution Items", "Solution Items", "{5308A13B-F4A6-4B5E-BC86-A0DA9B475D69}"
	ProjectSection(SolutionItems) = preProject
		..\LICENSE = ..\LICENSE
		..\README.md = ..\README.md
	EndProjectSection
EndProject
Project("{FAE04EC0-301F-11D3-BF4B-00C04F79EFBC}") = "Grappachu.Interop.RabbitMQ.Samples", "Grappachu.Interop.RabbitMQ.Samples\Grappachu.Interop.RabbitMQ.Samples.csproj", "{BA99ADBC-59FB-4312-A7CC-EC07F54D9B49}"
EndProject
Global
	GlobalSection(SolutionConfigurationPlatforms) = preSolution
		Debug|Any CPU = Debug|Any CPU
		Release|Any CPU = Release|Any CPU
	EndGlobalSection
	GlobalSection(ProjectConfigurationPlatforms) = postSolution
		{CB55D69C-639B-437A-9C2C-AF451A90BBD1}.Debug|Any CPU.ActiveCfg = Debug|Any CPU
		{CB55D69C-639B-437A-9C2C-AF451A90BBD1}.Debug|Any CPU.Build.0 = Debug|Any CPU
		{CB55D69C-639B-437A-9C2C-AF451A90BBD1}.Release|Any CPU.ActiveCfg = Release 4.6.2|Any CPU
		{CB55D69C-639B-437A-9C2C-AF451A90BBD1}.Release|Any CPU.Build.0 = Release 4.6.2|Any CPU
		{8D992064-639A-474D-A691-2FCA25B9C096}.Debug|Any CPU.ActiveCfg = Debug|Any CPU
		{8D992064-639A-474D-A691-2FCA25B9C096}.Debug|Any CPU.Build.0 = Debug|Any CPU
		{8D992064-639A-474D-A691-2FCA25B9C096}.Release|Any CPU.ActiveCfg = Release|Any CPU
		{BA99ADBC-59FB-4312-A7CC-EC07F54D9B49}.Debug|Any CPU.ActiveCfg = Debug|Any CPU
		{BA99ADBC-59FB-4312-A7CC-EC07F54D9B49}.Debug|Any CPU.Build.0 = Debug|Any CPU
		{BA99ADBC-59FB-4312-A7CC-EC07F54D9B49}.Release|Any CPU.ActiveCfg = Release|Any CPU
		{BA99ADBC-59FB-4312-A7CC-EC07F54D9B49}.Release|Any CPU.Build.0 = Release|Any CPU
	EndGlobalSection
	GlobalSection(SolutionProperties) = preSolution
		HideSolutionNode = FALSE
	EndGlobalSection
EndGlobal
